
Microsoft Visual Studio Solution File, Format Version 12.00
# Visual Studio Version 16
VisualStudioVersion = 16.0.30611.23
MinimumVisualStudioVersion = 10.0.40219.1
Project("{FAE04EC0-301F-11D3-BF4B-00C04F79EFBC}") = "ClientTest", "ClientTest\ClientTest.csproj", "{1755DE4E-B418-41F0-8DCB-27007BA36729}"
EndProject
Global
	GlobalSection(SolutionConfigurationPlatforms) = preSolution
		Debug|Any CPU = Debug|Any CPU
		Release|Any CPU = Release|Any CPU
	EndGlobalSection
	GlobalSection(ProjectConfigurationPlatforms) = postSolution
		{1755DE4E-B418-41F0-8DCB-27007BA36729}.Debug|Any CPU.ActiveCfg = Debug|Any CPU
		{1755DE4E-B418-41F0-8DCB-27007BA36729}.Debug|Any CPU.Build.0 = Debug|Any CPU
		{1755DE4E-B418-41F0-8DCB-27007BA36729}.Release|Any CPU.ActiveCfg = Release|Any CPU
		{1755DE4E-B418-41F0-8DCB-27007BA36729}.Release|Any CPU.Build.0 = Release|Any CPU
	EndGlobalSection
	GlobalSection(SolutionProperties) = preSolution
		HideSolutionNode = FALSE
	EndGlobalSection
	GlobalSection(ExtensibilityGlobals) = postSolution
		SolutionGuid = {85FE327F-7D7E-45A2-AD3B-935CF5E0A2A2}
	EndGlobalSection
EndGlobal
